// !$*UTF8*$!
{
	archiveVersion = 1;
	classes = {
	};
	objectVersion = 50;
	objects = {

/* Begin PBXBuildFile section */
		B2483241276B7DCE005604A5 /* Assets.xcassets in Resources */ = {isa = PBXBuildFile; fileRef = B2483240276B7DCD005604A5 /* Assets.xcassets */; };
		B28CDC90276A3E5A006BBCEE /* TwitterCloneApp.swift in Sources */ = {isa = PBXBuildFile; fileRef = B28CDC8F276A3E5A006BBCEE /* TwitterCloneApp.swift */; };
		B28CDC92276A3E5A006BBCEE /* ContentView.swift in Sources */ = {isa = PBXBuildFile; fileRef = B28CDC91276A3E5A006BBCEE /* ContentView.swift */; };
		B28CDC97276A3E5B006BBCEE /* Preview Assets.xcassets in Resources */ = {isa = PBXBuildFile; fileRef = B28CDC96276A3E5B006BBCEE /* Preview Assets.xcassets */; };
		B28CDCA2276A3E5B006BBCEE /* TwitterCloneTests.swift in Sources */ = {isa = PBXBuildFile; fileRef = B28CDCA1276A3E5B006BBCEE /* TwitterCloneTests.swift */; };
		B28CDCAD276A3E5B006BBCEE /* TwitterCloneUITests.swift in Sources */ = {isa = PBXBuildFile; fileRef = B28CDCAC276A3E5B006BBCEE /* TwitterCloneUITests.swift */; };
		B28CDCBF276A4571006BBCEE /* FeedView.swift in Sources */ = {isa = PBXBuildFile; fileRef = B28CDCBE276A4571006BBCEE /* FeedView.swift */; };
/* End PBXBuildFile section */

/* Begin PBXContainerItemProxy section */
		B28CDC9E276A3E5B006BBCEE /* PBXContainerItemProxy */ = {
			isa = PBXContainerItemProxy;
			containerPortal = B28CDC84276A3E59006BBCEE /* Project object */;
			proxyType = 1;
			remoteGlobalIDString = B28CDC8B276A3E5A006BBCEE;
			remoteInfo = TwitterClone;
		};
		B28CDCA9276A3E5B006BBCEE /* PBXContainerItemProxy */ = {
			isa = PBXContainerItemProxy;
			containerPortal = B28CDC84276A3E59006BBCEE /* Project object */;
			proxyType = 1;
			remoteGlobalIDString = B28CDC8B276A3E5A006BBCEE;
			remoteInfo = TwitterClone;
		};
/* End PBXContainerItemProxy section */

/* Begin PBXFileReference section */
		B2483240276B7DCD005604A5 /* Assets.xcassets */ = {isa = PBXFileReference; lastKnownFileType = folder.assetcatalog; name = Assets.xcassets; path = ../../../Downloads/CourseResources/Assets.xcassets; sourceTree = "<group>"; };
		B28CDC8C276A3E5A006BBCEE /* TwitterClone.app */ = {isa = PBXFileReference; explicitFileType = wrapper.application; includeInIndex = 0; path = TwitterClone.app; sourceTree = BUILT_PRODUCTS_DIR; };
		B28CDC8F276A3E5A006BBCEE /* TwitterCloneApp.swift */ = {isa = PBXFileReference; lastKnownFileType = sourcecode.swift; path = TwitterCloneApp.swift; sourceTree = "<group>"; };
		B28CDC91276A3E5A006BBCEE /* ContentView.swift */ = {isa = PBXFileReference; lastKnownFileType = sourcecode.swift; path = ContentView.swift; sourceTree = "<group>"; };
		B28CDC96276A3E5B006BBCEE /* Preview Assets.xcassets */ = {isa = PBXFileReference; lastKnownFileType = folder.assetcatalog; path = "Preview Assets.xcassets"; sourceTree = "<group>"; };
		B28CDC98276A3E5B006BBCEE /* Info.plist */ = {isa = PBXFileReference; lastKnownFileType = text.plist.xml; path = Info.plist; sourceTree = "<group>"; };
		B28CDC9D276A3E5B006BBCEE /* TwitterCloneTests.xctest */ = {isa = PBXFileReference; explicitFileType = wrapper.cfbundle; includeInIndex = 0; path = TwitterCloneTests.xctest; sourceTree = BUILT_PRODUCTS_DIR; };
		B28CDCA1276A3E5B006BBCEE /* TwitterCloneTests.swift */ = {isa = PBXFileReference; lastKnownFileType = sourcecode.swift; path = TwitterCloneTests.swift; sourceTree = "<group>"; };
		B28CDCA3276A3E5B006BBCEE /* Info.plist */ = {isa = PBXFileReference; lastKnownFileType = text.plist.xml; path = Info.plist; sourceTree = "<group>"; };
		B28CDCA8276A3E5B006BBCEE /* TwitterCloneUITests.xctest */ = {isa = PBXFileReference; explicitFileType = wrapper.cfbundle; includeInIndex = 0; path = TwitterCloneUITests.xctest; sourceTree = BUILT_PRODUCTS_DIR; };
		B28CDCAC276A3E5B006BBCEE /* TwitterCloneUITests.swift */ = {isa = PBXFileReference; lastKnownFileType = sourcecode.swift; path = TwitterCloneUITests.swift; sourceTree = "<group>"; };
		B28CDCAE276A3E5B006BBCEE /* Info.plist */ = {isa = PBXFileReference; lastKnownFileType = text.plist.xml; path = Info.plist; sourceTree = "<group>"; };
		B28CDCBE276A4571006BBCEE /* FeedView.swift */ = {isa = PBXFileReference; lastKnownFileType = sourcecode.swift; path = FeedView.swift; sourceTree = "<group>"; };
/* End PBXFileReference section */

/* Begin PBXFrameworksBuildPhase section */
		B28CDC89276A3E5A006BBCEE /* Frameworks */ = {
			isa = PBXFrameworksBuildPhase;
			buildActionMask = 2147483647;
			files = (
			);
			runOnlyForDeploymentPostprocessing = 0;
		};
		B28CDC9A276A3E5B006BBCEE /* Frameworks */ = {
			isa = PBXFrameworksBuildPhase;
			buildActionMask = 2147483647;
			files = (
			);
			runOnlyForDeploymentPostprocessing = 0;
		};
		B28CDCA5276A3E5B006BBCEE /* Frameworks */ = {
			isa = PBXFrameworksBuildPhase;
			buildActionMask = 2147483647;
			files = (
			);
			runOnlyForDeploymentPostprocessing = 0;
		};
/* End PBXFrameworksBuildPhase section */

/* Begin PBXGroup section */
		B28CDC83276A3E59006BBCEE = {
			isa = PBXGroup;
			children = (
				B28CDC8E276A3E5A006BBCEE /* TwitterClone */,
				B28CDCA0276A3E5B006BBCEE /* TwitterCloneTests */,
				B28CDCAB276A3E5B006BBCEE /* TwitterCloneUITests */,
				B28CDC8D276A3E5A006BBCEE /* Products */,
			);
			sourceTree = "<group>";
		};
		B28CDC8D276A3E5A006BBCEE /* Products */ = {
			isa = PBXGroup;
			children = (
				B28CDC8C276A3E5A006BBCEE /* TwitterClone.app */,
				B28CDC9D276A3E5B006BBCEE /* TwitterCloneTests.xctest */,
				B28CDCA8276A3E5B006BBCEE /* TwitterCloneUITests.xctest */,
			);
			name = Products;
			sourceTree = "<group>";
		};
		B28CDC8E276A3E5A006BBCEE /* TwitterClone */ = {
			isa = PBXGroup;
			children = (
				B28CDCBD276A4541006BBCEE /* ViewModel */,
				B28CDCBB276A4535006BBCEE /* View */,
				B28CDCBA276A452B006BBCEE /* Model */,
				B28CDC8F276A3E5A006BBCEE /* TwitterCloneApp.swift */,
				B2483240276B7DCD005604A5 /* Assets.xcassets */,
				B28CDC98276A3E5B006BBCEE /* Info.plist */,
				B28CDC95276A3E5B006BBCEE /* Preview Content */,
			);
			path = TwitterClone;
			sourceTree = "<group>";
		};
		B28CDC95276A3E5B006BBCEE /* Preview Content */ = {
			isa = PBXGroup;
			children = (
				B28CDC96276A3E5B006BBCEE /* Preview Assets.xcassets */,
			);
			path = "Preview Content";
			sourceTree = "<group>";
		};
		B28CDCA0276A3E5B006BBCEE /* TwitterCloneTests */ = {
			isa = PBXGroup;
			children = (
				B28CDCA1276A3E5B006BBCEE /* TwitterCloneTests.swift */,
				B28CDCA3276A3E5B006BBCEE /* Info.plist */,
			);
			path = TwitterCloneTests;
			sourceTree = "<group>";
		};
		B28CDCAB276A3E5B006BBCEE /* TwitterCloneUITests */ = {
			isa = PBXGroup;
			children = (
				B28CDCAC276A3E5B006BBCEE /* TwitterCloneUITests.swift */,
				B28CDCAE276A3E5B006BBCEE /* Info.plist */,
			);
			path = TwitterCloneUITests;
			sourceTree = "<group>";
		};
		B28CDCBA276A452B006BBCEE /* Model */ = {
			isa = PBXGroup;
			children = (
			);
			path = Model;
			sourceTree = "<group>";
		};
		B28CDCBB276A4535006BBCEE /* View */ = {
			isa = PBXGroup;
			children = (
				B28CDC91276A3E5A006BBCEE /* ContentView.swift */,
				B28CDCBE276A4571006BBCEE /* FeedView.swift */,
			);
			path = View;
			sourceTree = "<group>";
		};
		B28CDCBD276A4541006BBCEE /* ViewModel */ = {
			isa = PBXGroup;
			children = (
			);
			path = ViewModel;
			sourceTree = "<group>";
		};
/* End PBXGroup section */

/* Begin PBXNativeTarget section */
		B28CDC8B276A3E5A006BBCEE /* TwitterClone */ = {
			isa = PBXNativeTarget;
			buildConfigurationList = B28CDCB1276A3E5B006BBCEE /* Build configuration list for PBXNativeTarget "TwitterClone" */;
			buildPhases = (
				B28CDC88276A3E5A006BBCEE /* Sources */,
				B28CDC89276A3E5A006BBCEE /* Frameworks */,
				B28CDC8A276A3E5A006BBCEE /* Resources */,
			);
			buildRules = (
			);
			dependencies = (
			);
			name = TwitterClone;
			productName = TwitterClone;
			productReference = B28CDC8C276A3E5A006BBCEE /* TwitterClone.app */;
			productType = "com.apple.product-type.application";
		};
		B28CDC9C276A3E5B006BBCEE /* TwitterCloneTests */ = {
			isa = PBXNativeTarget;
			buildConfigurationList = B28CDCB4276A3E5B006BBCEE /* Build configuration list for PBXNativeTarget "TwitterCloneTests" */;
			buildPhases = (
				B28CDC99276A3E5B006BBCEE /* Sources */,
				B28CDC9A276A3E5B006BBCEE /* Frameworks */,
				B28CDC9B276A3E5B006BBCEE /* Resources */,
			);
			buildRules = (
			);
			dependencies = (
				B28CDC9F276A3E5B006BBCEE /* PBXTargetDependency */,
			);
			name = TwitterCloneTests;
			productName = TwitterCloneTests;
			productReference = B28CDC9D276A3E5B006BBCEE /* TwitterCloneTests.xctest */;
			productType = "com.apple.product-type.bundle.unit-test";
		};
		B28CDCA7276A3E5B006BBCEE /* TwitterCloneUITests */ = {
			isa = PBXNativeTarget;
			buildConfigurationList = B28CDCB7276A3E5B006BBCEE /* Build configuration list for PBXNativeTarget "TwitterCloneUITests" */;
			buildPhases = (
				B28CDCA4276A3E5B006BBCEE /* Sources */,
				B28CDCA5276A3E5B006BBCEE /* Frameworks */,
				B28CDCA6276A3E5B006BBCEE /* Resources */,
			);
			buildRules = (
			);
			dependencies = (
				B28CDCAA276A3E5B006BBCEE /* PBXTargetDependency */,
			);
			name = TwitterCloneUITests;
			productName = TwitterCloneUITests;
			productReference = B28CDCA8276A3E5B006BBCEE /* TwitterCloneUITests.xctest */;
			productType = "com.apple.product-type.bundle.ui-testing";
		};
/* End PBXNativeTarget section */

/* Begin PBXProject section */
		B28CDC84276A3E59006BBCEE /* Project object */ = {
			isa = PBXProject;
			attributes = {
				LastSwiftUpdateCheck = 1250;
				LastUpgradeCheck = 1250;
				TargetAttributes = {
					B28CDC8B276A3E5A006BBCEE = {
						CreatedOnToolsVersion = 12.5;
					};
					B28CDC9C276A3E5B006BBCEE = {
						CreatedOnToolsVersion = 12.5;
						TestTargetID = B28CDC8B276A3E5A006BBCEE;
					};
					B28CDCA7276A3E5B006BBCEE = {
						CreatedOnToolsVersion = 12.5;
						TestTargetID = B28CDC8B276A3E5A006BBCEE;
					};
				};
			};
			buildConfigurationList = B28CDC87276A3E59006BBCEE /* Build configuration list for PBXProject "TwitterClone" */;
			compatibilityVersion = "Xcode 9.3";
			developmentRegion = en;
			hasScannedForEncodings = 0;
			knownRegions = (
				en,
				Base,
			);
			mainGroup = B28CDC83276A3E59006BBCEE;
			productRefGroup = B28CDC8D276A3E5A006BBCEE /* Products */;
			projectDirPath = "";
			projectRoot = "";
			targets = (
				B28CDC8B276A3E5A006BBCEE /* TwitterClone */,
				B28CDC9C276A3E5B006BBCEE /* TwitterCloneTests */,
				B28CDCA7276A3E5B006BBCEE /* TwitterCloneUITests */,
			);
		};
/* End PBXProject section */

/* Begin PBXResourcesBuildPhase section */
		B28CDC8A276A3E5A006BBCEE /* Resources */ = {
			isa = PBXResourcesBuildPhase;
			buildActionMask = 2147483647;
			files = (
				B28CDC97276A3E5B006BBCEE /* Preview Assets.xcassets in Resources */,
				B2483241276B7DCE005604A5 /* Assets.xcassets in Resources */,
			);
			runOnlyForDeploymentPostprocessing = 0;
		};
		B28CDC9B276A3E5B006BBCEE /* Resources */ = {
			isa = PBXResourcesBuildPhase;
			buildActionMask = 2147483647;
			files = (
			);
			runOnlyForDeploymentPostprocessing = 0;
		};
		B28CDCA6276A3E5B006BBCEE /* Resources */ = {
			isa = PBXResourcesBuildPhase;
			buildActionMask = 2147483647;
			files = (
			);
			runOnlyForDeploymentPostprocessing = 0;
		};
/* End PBXResourcesBuildPhase section */

/* Begin PBXSourcesBuildPhase section */
		B28CDC88276A3E5A006BBCEE /* Sources */ = {
			isa = PBXSourcesBuildPhase;
			buildActionMask = 2147483647;
			files = (
				B28CDC92276A3E5A006BBCEE /* ContentView.swift in Sources */,
				B28CDCBF276A4571006BBCEE /* FeedView.swift in Sources */,
				B28CDC90276A3E5A006BBCEE /* TwitterCloneApp.swift in Sources */,
			);
			runOnlyForDeploymentPostprocessing = 0;
		};
		B28CDC99276A3E5B006BBCEE /* Sources */ = {
			isa = PBXSourcesBuildPhase;
			buildActionMask = 2147483647;
			files = (
				B28CDCA2276A3E5B006BBCEE /* TwitterCloneTests.swift in Sources */,
			);
			runOnlyForDeploymentPostprocessing = 0;
		};
		B28CDCA4276A3E5B006BBCEE /* Sources */ = {
			isa = PBXSourcesBuildPhase;
			buildActionMask = 2147483647;
			files = (
				B28CDCAD276A3E5B006BBCEE /* TwitterCloneUITests.swift in Sources */,
			);
			runOnlyForDeploymentPostprocessing = 0;
		};
/* End PBXSourcesBuildPhase section */

/* Begin PBXTargetDependency section */
		B28CDC9F276A3E5B006BBCEE /* PBXTargetDependency */ = {
			isa = PBXTargetDependency;
			target = B28CDC8B276A3E5A006BBCEE /* TwitterClone */;
			targetProxy = B28CDC9E276A3E5B006BBCEE /* PBXContainerItemProxy */;
		};
		B28CDCAA276A3E5B006BBCEE /* PBXTargetDependency */ = {
			isa = PBXTargetDependency;
			target = B28CDC8B276A3E5A006BBCEE /* TwitterClone */;
			targetProxy = B28CDCA9276A3E5B006BBCEE /* PBXContainerItemProxy */;
		};
/* End PBXTargetDependency section */

/* Begin XCBuildConfiguration section */
		B28CDCAF276A3E5B006BBCEE /* Debug */ = {
			isa = XCBuildConfiguration;
			buildSettings = {
				ALWAYS_SEARCH_USER_PATHS = NO;
				CLANG_ANALYZER_NONNULL = YES;
				CLANG_ANALYZER_NUMBER_OBJECT_CONVERSION = YES_AGGRESSIVE;
				CLANG_CXX_LANGUAGE_STANDARD = "gnu++14";
				CLANG_CXX_LIBRARY = "libc++";
				CLANG_ENABLE_MODULES = YES;
				CLANG_ENABLE_OBJC_ARC = YES;
				CLANG_ENABLE_OBJC_WEAK = YES;
				CLANG_WARN_BLOCK_CAPTURE_AUTORELEASING = YES;
				CLANG_WARN_BOOL_CONVERSION = YES;
				CLANG_WARN_COMMA = YES;
				CLANG_WARN_CONSTANT_CONVERSION = YES;
				CLANG_WARN_DEPRECATED_OBJC_IMPLEMENTATIONS = YES;
				CLANG_WARN_DIRECT_OBJC_ISA_USAGE = YES_ERROR;
				CLANG_WARN_DOCUMENTATION_COMMENTS = YES;
				CLANG_WARN_EMPTY_BODY = YES;
				CLANG_WARN_ENUM_CONVERSION = YES;
				CLANG_WARN_INFINITE_RECURSION = YES;
				CLANG_WARN_INT_CONVERSION = YES;
				CLANG_WARN_NON_LITERAL_NULL_CONVERSION = YES;
				CLANG_WARN_OBJC_IMPLICIT_RETAIN_SELF = YES;
				CLANG_WARN_OBJC_LITERAL_CONVERSION = YES;
				CLANG_WARN_OBJC_ROOT_CLASS = YES_ERROR;
				CLANG_WARN_QUOTED_INCLUDE_IN_FRAMEWORK_HEADER = YES;
				CLANG_WARN_RANGE_LOOP_ANALYSIS = YES;
				CLANG_WARN_STRICT_PROTOTYPES = YES;
				CLANG_WARN_SUSPICIOUS_MOVE = YES;
				CLANG_WARN_UNGUARDED_AVAILABILITY = YES_AGGRESSIVE;
				CLANG_WARN_UNREACHABLE_CODE = YES;
				CLANG_WARN__DUPLICATE_METHOD_MATCH = YES;
				COPY_PHASE_STRIP = NO;
				DEBUG_INFORMATION_FORMAT = dwarf;
				ENABLE_STRICT_OBJC_MSGSEND = YES;
				ENABLE_TESTABILITY = YES;
				GCC_C_LANGUAGE_STANDARD = gnu11;
				GCC_DYNAMIC_NO_PIC = NO;
				GCC_NO_COMMON_BLOCKS = YES;
				GCC_OPTIMIZATION_LEVEL = 0;
				GCC_PREPROCESSOR_DEFINITIONS = (
					"DEBUG=1",
					"$(inherited)",
				);
				GCC_WARN_64_TO_32_BIT_CONVERSION = YES;
				GCC_WARN_ABOUT_RETURN_TYPE = YES_ERROR;
				GCC_WARN_UNDECLARED_SELECTOR = YES;
				GCC_WARN_UNINITIALIZED_AUTOS = YES_AGGRESSIVE;
				GCC_WARN_UNUSED_FUNCTION = YES;
				GCC_WARN_UNUSED_VARIABLE = YES;
				IPHONEOS_DEPLOYMENT_TARGET = 14.5;
				MTL_ENABLE_DEBUG_INFO = INCLUDE_SOURCE;
				MTL_FAST_MATH = YES;
				ONLY_ACTIVE_ARCH = YES;
				SDKROOT = iphoneos;
				SWIFT_ACTIVE_COMPILATION_CONDITIONS = DEBUG;
				SWIFT_OPTIMIZATION_LEVEL = "-Onone";
			};
			name = Debug;
		};
		B28CDCB0276A3E5B006BBCEE /* Release */ = {
			isa = XCBuildConfiguration;
			buildSettings = {
				ALWAYS_SEARCH_USER_PATHS = NO;
				CLANG_ANALYZER_NONNULL = YES;
				CLANG_ANALYZER_NUMBER_OBJECT_CONVERSION = YES_AGGRESSIVE;
				CLANG_CXX_LANGUAGE_STANDARD = "gnu++14";
				CLANG_CXX_LIBRARY = "libc++";
				CLANG_ENABLE_MODULES = YES;
				CLANG_ENABLE_OBJC_ARC = YES;
				CLANG_ENABLE_OBJC_WEAK = YES;
				CLANG_WARN_BLOCK_CAPTURE_AUTORELEASING = YES;
				CLANG_WARN_BOOL_CONVERSION = YES;
				CLANG_WARN_COMMA = YES;
				CLANG_WARN_CONSTANT_CONVERSION = YES;
				CLANG_WARN_DEPRECATED_OBJC_IMPLEMENTATIONS = YES;
				CLANG_WARN_DIRECT_OBJC_ISA_USAGE = YES_ERROR;
				CLANG_WARN_DOCUMENTATION_COMMENTS = YES;
				CLANG_WARN_EMPTY_BODY = YES;
				CLANG_WARN_ENUM_CONVERSION = YES;
				CLANG_WARN_INFINITE_RECURSION = YES;
				CLANG_WARN_INT_CONVERSION = YES;
				CLANG_WARN_NON_LITERAL_NULL_CONVERSION = YES;
				CLANG_WARN_OBJC_IMPLICIT_RETAIN_SELF = YES;
				CLANG_WARN_OBJC_LITERAL_CONVERSION = YES;
				CLANG_WARN_OBJC_ROOT_CLASS = YES_ERROR;
				CLANG_WARN_QUOTED_INCLUDE_IN_FRAMEWORK_HEADER = YES;
				CLANG_WARN_RANGE_LOOP_ANALYSIS = YES;
				CLANG_WARN_STRICT_PROTOTYPES = YES;
				CLANG_WARN_SUSPICIOUS_MOVE = YES;
				CLANG_WARN_UNGUARDED_AVAILABILITY = YES_AGGRESSIVE;
				CLANG_WARN_UNREACHABLE_CODE = YES;
				CLANG_WARN__DUPLICATE_METHOD_MATCH = YES;
				COPY_PHASE_STRIP = NO;
				DEBUG_INFORMATION_FORMAT = "dwarf-with-dsym";
				ENABLE_NS_ASSERTIONS = NO;
				ENABLE_STRICT_OBJC_MSGSEND = YES;
				GCC_C_LANGUAGE_STANDARD = gnu11;
				GCC_NO_COMMON_BLOCKS = YES;
				GCC_WARN_64_TO_32_BIT_CONVERSION = YES;
				GCC_WARN_ABOUT_RETURN_TYPE = YES_ERROR;
				GCC_WARN_UNDECLARED_SELECTOR = YES;
				GCC_WARN_UNINITIALIZED_AUTOS = YES_AGGRESSIVE;
				GCC_WARN_UNUSED_FUNCTION = YES;
				GCC_WARN_UNUSED_VARIABLE = YES;
				IPHONEOS_DEPLOYMENT_TARGET = 14.5;
				MTL_ENABLE_DEBUG_INFO = NO;
				MTL_FAST_MATH = YES;
				SDKROOT = iphoneos;
				SWIFT_COMPILATION_MODE = wholemodule;
				SWIFT_OPTIMIZATION_LEVEL = "-O";
				VALIDATE_PRODUCT = YES;
			};
			name = Release;
		};
		B28CDCB2276A3E5B006BBCEE /* Debug */ = {
			isa = XCBuildConfiguration;
			buildSettings = {
				ASSETCATALOG_COMPILER_APPICON_NAME = AppIcon;
				ASSETCATALOG_COMPILER_GLOBAL_ACCENT_COLOR_NAME = AccentColor;
				CODE_SIGN_STYLE = Automatic;
				DEVELOPMENT_ASSET_PATHS = "\"TwitterClone/Preview Content\"";
				DEVELOPMENT_TEAM = ZA37564B4V;
				ENABLE_PREVIEWS = YES;
				INFOPLIST_FILE = TwitterClone/Info.plist;
				IPHONEOS_DEPLOYMENT_TARGET = 14.0;
				LD_RUNPATH_SEARCH_PATHS = (
					"$(inherited)",
					"@executable_path/Frameworks",
				);
				PRODUCT_BUNDLE_IDENTIFIER = com.indus.TwitterClone;
				PRODUCT_NAME = "$(TARGET_NAME)";
				SWIFT_VERSION = 5.0;
				TARGETED_DEVICE_FAMILY = "1,2";
			};
			name = Debug;
		};
		B28CDCB3276A3E5B006BBCEE /* Release */ = {
			isa = XCBuildConfiguration;
			buildSettings = {
				ASSETCATALOG_COMPILER_APPICON_NAME = AppIcon;
				ASSETCATALOG_COMPILER_GLOBAL_ACCENT_COLOR_NAME = AccentColor;
				CODE_SIGN_STYLE = Automatic;
				DEVELOPMENT_ASSET_PATHS = "\"TwitterClone/Preview Content\"";
				DEVELOPMENT_TEAM = ZA37564B4V;
				ENABLE_PREVIEWS = YES;
				INFOPLIST_FILE = TwitterClone/Info.plist;
				IPHONEOS_DEPLOYMENT_TARGET = 14.0;
				LD_RUNPATH_SEARCH_PATHS = (
					"$(inherited)",
					"@executable_path/Frameworks",
				);
				PRODUCT_BUNDLE_IDENTIFIER = com.indus.TwitterClone;
				PRODUCT_NAME = "$(TARGET_NAME)";
				SWIFT_VERSION = 5.0;
				TARGETED_DEVICE_FAMILY = "1,2";
			};
			name = Release;
		};
		B28CDCB5276A3E5B006BBCEE /* Debug */ = {
			isa = XCBuildConfiguration;
			buildSettings = {
				ALWAYS_EMBED_SWIFT_STANDARD_LIBRARIES = YES;
				BUNDLE_LOADER = "$(TEST_HOST)";
				CODE_SIGN_STYLE = Automatic;
				DEVELOPMENT_TEAM = ZA37564B4V;
				INFOPLIST_FILE = TwitterCloneTests/Info.plist;
				IPHONEOS_DEPLOYMENT_TARGET = 14.0;
				LD_RUNPATH_SEARCH_PATHS = (
					"$(inherited)",
					"@executable_path/Frameworks",
					"@loader_path/Frameworks",
				);
				PRODUCT_BUNDLE_IDENTIFIER = com.indus.TwitterCloneTests;
				PRODUCT_NAME = "$(TARGET_NAME)";
				SWIFT_VERSION = 5.0;
				TARGETED_DEVICE_FAMILY = "1,2";
				TEST_HOST = "$(BUILT_PRODUCTS_DIR)/TwitterClone.app/TwitterClone";
			};
			name = Debug;
		};
		B28CDCB6276A3E5B006BBCEE /* Release */ = {
			isa = XCBuildConfiguration;
			buildSettings = {
				ALWAYS_EMBED_SWIFT_STANDARD_LIBRARIES = YES;
				BUNDLE_LOADER = "$(TEST_HOST)";
				CODE_SIGN_STYLE = Automatic;
				DEVELOPMENT_TEAM = ZA37564B4V;
				INFOPLIST_FILE = TwitterCloneTests/Info.plist;
				IPHONEOS_DEPLOYMENT_TARGET = 14.0;
				LD_RUNPATH_SEARCH_PATHS = (
					"$(inherited)",
					"@executable_path/Frameworks",
					"@loader_path/Frameworks",
				);
				PRODUCT_BUNDLE_IDENTIFIER = com.indus.TwitterCloneTests;
				PRODUCT_NAME = "$(TARGET_NAME)";
				SWIFT_VERSION = 5.0;
				TARGETED_DEVICE_FAMILY = "1,2";
				TEST_HOST = "$(BUILT_PRODUCTS_DIR)/TwitterClone.app/TwitterClone";
			};
			name = Release;
		};
		B28CDCB8276A3E5B006BBCEE /* Debug */ = {
			isa = XCBuildConfiguration;
			buildSettings = {
				ALWAYS_EMBED_SWIFT_STANDARD_LIBRARIES = YES;
				CODE_SIGN_STYLE = Automatic;
				DEVELOPMENT_TEAM = ZA37564B4V;
				INFOPLIST_FILE = TwitterCloneUITests/Info.plist;
				LD_RUNPATH_SEARCH_PATHS = (
					"$(inherited)",
					"@executable_path/Frameworks",
					"@loader_path/Frameworks",
				);
				PRODUCT_BUNDLE_IDENTIFIER = com.indus.TwitterCloneUITests;
				PRODUCT_NAME = "$(TARGET_NAME)";
				SWIFT_VERSION = 5.0;
				TARGETED_DEVICE_FAMILY = "1,2";
				TEST_TARGET_NAME = TwitterClone;
			};
			name = Debug;
		};
		B28CDCB9276A3E5B006BBCEE /* Release */ = {
			isa = XCBuildConfiguration;
			buildSettings = {
				ALWAYS_EMBED_SWIFT_STANDARD_LIBRARIES = YES;
				CODE_SIGN_STYLE = Automatic;
				DEVELOPMENT_TEAM = ZA37564B4V;
				INFOPLIST_FILE = TwitterCloneUITests/Info.plist;
				LD_RUNPATH_SEARCH_PATHS = (
					"$(inherited)",
					"@executable_path/Frameworks",
					"@loader_path/Frameworks",
				);
				PRODUCT_BUNDLE_IDENTIFIER = com.indus.TwitterCloneUITests;
				PRODUCT_NAME = "$(TARGET_NAME)";
				SWIFT_VERSION = 5.0;
				TARGETED_DEVICE_FAMILY = "1,2";
				TEST_TARGET_NAME = TwitterClone;
			};
			name = Release;
		};
/* End XCBuildConfiguration section */

/* Begin XCConfigurationList section */
		B28CDC87276A3E59006BBCEE /* Build configuration list for PBXProject "TwitterClone" */ = {
			isa = XCConfigurationList;
			buildConfigurations = (
				B28CDCAF276A3E5B006BBCEE /* Debug */,
				B28CDCB0276A3E5B006BBCEE /* Release */,
			);
			defaultConfigurationIsVisible = 0;
			defaultConfigurationName = Release;
		};
		B28CDCB1276A3E5B006BBCEE /* Build configuration list for PBXNativeTarget "TwitterClone" */ = {
			isa = XCConfigurationList;
			buildConfigurations = (
				B28CDCB2276A3E5B006BBCEE /* Debug */,
				B28CDCB3276A3E5B006BBCEE /* Release */,
			);
			defaultConfigurationIsVisible = 0;
			defaultConfigurationName = Release;
		};
		B28CDCB4276A3E5B006BBCEE /* Build configuration list for PBXNativeTarget "TwitterCloneTests" */ = {
			isa = XCConfigurationList;
			buildConfigurations = (
				B28CDCB5276A3E5B006BBCEE /* Debug */,
				B28CDCB6276A3E5B006BBCEE /* Release */,
			);
			defaultConfigurationIsVisible = 0;
			defaultConfigurationName = Release;
		};
		B28CDCB7276A3E5B006BBCEE /* Build configuration list for PBXNativeTarget "TwitterCloneUITests" */ = {
			isa = XCConfigurationList;
			buildConfigurations = (
				B28CDCB8276A3E5B006BBCEE /* Debug */,
				B28CDCB9276A3E5B006BBCEE /* Release */,
			);
			defaultConfigurationIsVisible = 0;
			defaultConfigurationName = Release;
		};
/* End XCConfigurationList section */
	};
	rootObject = B28CDC84276A3E59006BBCEE /* Project object */;
}
